Microsoft Visual Studio Solution File, Format Version 11.00
# Visual Studio 2008

Project("{AC63DD28-6908-B0FD-AF46-6E8B1D55ABEF}") = "VirtualVEX", "Assembly-CSharp-firstpass.csproj", "{E83FDA10-FA7B-3756-19C6-ACE8E420FFBF}"
EndProject
Project("{AC63DD28-6908-B0FD-AF46-6E8B1D55ABEF}") = "VirtualVEX", "Assembly-CSharp.csproj", "{46225591-AB0C-D3FD-517F-3991E02B70EA}"
EndProject
Project("{AC63DD28-6908-B0FD-AF46-6E8B1D55ABEF}") = "VirtualVEX", "Assembly-UnityScript-firstpass.unityproj", "{E658F07F-5DFA-536A-B464-902CE4BCBF49}"
EndProject
Project("{AC63DD28-6908-B0FD-AF46-6E8B1D55ABEF}") = "VirtualVEX", "Assembly-UnityScript.unityproj", "{5D6AD50C-DB39-31AD-23BE-65E1F60B165A}"
EndProject
Global
	GlobalSection(SolutionConfigurationPlatforms) = preSolution
		Debug|Any CPU = Debug|Any CPU
		Release|Any CPU = Release|Any CPU
	EndGlobalSection
	GlobalSection(ProjectConfigurationPlatforms) = postSolution
		{E83FDA10-FA7B-3756-19C6-ACE8E420FFBF}.Debug|Any CPU.ActiveCfg = Debug|Any CPU
		{E83FDA10-FA7B-3756-19C6-ACE8E420FFBF}.Debug|Any CPU.Build.0 = Debug|Any CPU
		{E83FDA10-FA7B-3756-19C6-ACE8E420FFBF}.Release|Any CPU.ActiveCfg = Release|Any CPU
		{E83FDA10-FA7B-3756-19C6-ACE8E420FFBF}.Release|Any CPU.Build.0 = Release|Any CPU
		{46225591-AB0C-D3FD-517F-3991E02B70EA}.Debug|Any CPU.ActiveCfg = Debug|Any CPU
		{46225591-AB0C-D3FD-517F-3991E02B70EA}.Debug|Any CPU.Build.0 = Debug|Any CPU
		{46225591-AB0C-D3FD-517F-3991E02B70EA}.Release|Any CPU.ActiveCfg = Release|Any CPU
		{46225591-AB0C-D3FD-517F-3991E02B70EA}.Release|Any CPU.Build.0 = Release|Any CPU
		{E658F07F-5DFA-536A-B464-902CE4BCBF49}.Debug|Any CPU.ActiveCfg = Debug|Any CPU
		{E658F07F-5DFA-536A-B464-902CE4BCBF49}.Debug|Any CPU.Build.0 = Debug|Any CPU
		{E658F07F-5DFA-536A-B464-902CE4BCBF49}.Release|Any CPU.ActiveCfg = Release|Any CPU
		{E658F07F-5DFA-536A-B464-902CE4BCBF49}.Release|Any CPU.Build.0 = Release|Any CPU
		{5D6AD50C-DB39-31AD-23BE-65E1F60B165A}.Debug|Any CPU.ActiveCfg = Debug|Any CPU
		{5D6AD50C-DB39-31AD-23BE-65E1F60B165A}.Debug|Any CPU.Build.0 = Debug|Any CPU
		{5D6AD50C-DB39-31AD-23BE-65E1F60B165A}.Release|Any CPU.ActiveCfg = Release|Any CPU
		{5D6AD50C-DB39-31AD-23BE-65E1F60B165A}.Release|Any CPU.Build.0 = Release|Any CPU
	EndGlobalSection
	GlobalSection(SolutionProperties) = preSolution
		HideSolutionNode = FALSE
	EndGlobalSection
																																	GlobalSection(MonoDevelopProperties) = preSolution
		StartupItem = Assembly-CSharp.csproj
		Policies = $0
		$0.TextStylePolicy = $1
		$1.inheritsSet = null
		$1.scope = text/x-csharp
		$0.CSharpFormattingPolicy = $2
		$2.inheritsSet = Mono
		$2.inheritsScope = text/x-csharp
		$2.scope = text/x-csharp
		$0.TextStylePolicy = $3
		$3.FileWidth = 120
		$3.TabWidth = 4
		$3.EolMarker = Unix
		$3.inheritsSet = Mono
		$3.inheritsScope = text/plain
		$3.scope = text/plain
	EndGlobalSection

EndGlobal
